
Microsoft Visual Studio Solution File, Format Version 12.00
# Visual Studio Version 17
VisualStudioVersion = 17.9.34723.18
MinimumVisualStudioVersion = 10.0.40219.1
Project("{FAE04EC0-301F-11D3-BF4B-00C04F79EFBC}") = "SuperHeroesApp", "SuperHeroesApp\SuperHeroesApp.csproj", "{DB46C627-878D-446A-8785-BEC3B129ABF9}"
EndProject
Global
	GlobalSection(SolutionConfigurationPlatforms) = preSolution
		Debug|Any CPU = Debug|Any CPU
		Release|Any CPU = Release|Any CPU
	EndGlobalSection
	GlobalSection(ProjectConfigurationPlatforms) = postSolution
		{DB46C627-878D-446A-8785-BEC3B129ABF9}.Debug|Any CPU.ActiveCfg = Debug|Any CPU
		{DB46C627-878D-446A-8785-BEC3B129ABF9}.Debug|Any CPU.Build.0 = Debug|Any CPU
		{DB46C627-878D-446A-8785-BEC3B129ABF9}.Release|Any CPU.ActiveCfg = Release|Any CPU
		{DB46C627-878D-446A-8785-BEC3B129ABF9}.Release|Any CPU.Build.0 = Release|Any CPU
	EndGlobalSection
	GlobalSection(SolutionProperties) = preSolution
		HideSolutionNode = FALSE
	EndGlobalSection
	GlobalSection(ExtensibilityGlobals) = postSolution
		SolutionGuid = {697AC4D9-19B8-4749-AC42-CDFB4800BC0D}
	EndGlobalSection
EndGlobal
